// !$*UTF8*$!
{
	archiveVersion = 1;
	classes = {
	};
	objectVersion = 51;
	objects = {

/* Begin PBXBuildFile section */
		2F2986402310F43200A0DC9B /* ArticleCollectionViewCell.swift in Sources */ = {isa = PBXBuildFile; fileRef = 2F29863E2310F43200A0DC9B /* ArticleCollectionViewCell.swift */; };
		2F2986412310F43200A0DC9B /* ArticleCollectionViewCell.xib in Resources */ = {isa = PBXBuildFile; fileRef = 2F29863F2310F43200A0DC9B /* ArticleCollectionViewCell.xib */; };
		2F2986462310F58800A0DC9B /* ArticleTableViewCell.swift in Sources */ = {isa = PBXBuildFile; fileRef = 2F2986442310F58800A0DC9B /* ArticleTableViewCell.swift */; };
		2F2986472310F58800A0DC9B /* ArticleTableViewCell.xib in Resources */ = {isa = PBXBuildFile; fileRef = 2F2986452310F58800A0DC9B /* ArticleTableViewCell.xib */; };
		2F29864C231131F200A0DC9B /* RecomendedCollectionViewCell.swift in Sources */ = {isa = PBXBuildFile; fileRef = 2F29864A231131F200A0DC9B /* RecomendedCollectionViewCell.swift */; };
		2F29864D231131F200A0DC9B /* RecomendedCollectionViewCell.xib in Resources */ = {isa = PBXBuildFile; fileRef = 2F29864B231131F200A0DC9B /* RecomendedCollectionViewCell.xib */; };
		2F2986522311442500A0DC9B /* RecomendedTableViewCell.swift in Sources */ = {isa = PBXBuildFile; fileRef = 2F2986502311442500A0DC9B /* RecomendedTableViewCell.swift */; };
		2F2986532311442500A0DC9B /* RecomendedTableViewCell.xib in Resources */ = {isa = PBXBuildFile; fileRef = 2F2986512311442500A0DC9B /* RecomendedTableViewCell.xib */; };
		2F29865523116C0800A0DC9B /* Spot.swift in Sources */ = {isa = PBXBuildFile; fileRef = 2F29865423116C0800A0DC9B /* Spot.swift */; };
		2F4E192C2312AE93003A016C /* WebViewController.swift in Sources */ = {isa = PBXBuildFile; fileRef = 2F4E192B2312AE93003A016C /* WebViewController.swift */; };
		2F6EC4D923150CE400A7EDC4 /* UIImage.swift in Sources */ = {isa = PBXBuildFile; fileRef = 2F6EC4D623150CE300A7EDC4 /* UIImage.swift */; };
		2F6EC4DA23150CE400A7EDC4 /* UIColor.swift in Sources */ = {isa = PBXBuildFile; fileRef = 2F6EC4D723150CE300A7EDC4 /* UIColor.swift */; };
		2F6EC4DB23150CE400A7EDC4 /* UIViewController.swift in Sources */ = {isa = PBXBuildFile; fileRef = 2F6EC4D823150CE300A7EDC4 /* UIViewController.swift */; };
		2FDB7985230FEF5A004789F9 /* Article.swift in Sources */ = {isa = PBXBuildFile; fileRef = 2FDB7984230FEF5A004789F9 /* Article.swift */; };
		4726384C231678E700C5A0AC /* CalendarEvent.swift in Sources */ = {isa = PBXBuildFile; fileRef = 4726384B231678E700C5A0AC /* CalendarEvent.swift */; };
		4779765A231291C200E11725 /* PlaceReviewTableViewController.swift in Sources */ = {isa = PBXBuildFile; fileRef = 47797659231291C200E11725 /* PlaceReviewTableViewController.swift */; };
		4779765C231291E100E11725 /* PlaceNewReviewViewController.swift in Sources */ = {isa = PBXBuildFile; fileRef = 4779765B231291E100E11725 /* PlaceNewReviewViewController.swift */; };
		4779765F231294F400E11725 /* StarTableViewCell.swift in Sources */ = {isa = PBXBuildFile; fileRef = 4779765D231294F400E11725 /* StarTableViewCell.swift */; };
		47797660231294F400E11725 /* StarTableViewCell.xib in Resources */ = {isa = PBXBuildFile; fileRef = 4779765E231294F400E11725 /* StarTableViewCell.xib */; };
		47D2CA6F230E83D7003EE10E /* PlaceDetail.storyboard in Resources */ = {isa = PBXBuildFile; fileRef = 47D2CA6E230E83D7003EE10E /* PlaceDetail.storyboard */; };
		47D2CA71230E89E0003EE10E /* PlaceDetailViewController.swift in Sources */ = {isa = PBXBuildFile; fileRef = 47D2CA70230E89E0003EE10E /* PlaceDetailViewController.swift */; };
		7F12EF21231688480086DE56 /* PlaceCategoryController.swift in Sources */ = {isa = PBXBuildFile; fileRef = 7F12EF20231688480086DE56 /* PlaceCategoryController.swift */; };
		7F3AAA5D2313096B00B0B158 /* StoreTableViewCell.swift in Sources */ = {isa = PBXBuildFile; fileRef = 7F3AAA5B2313096B00B0B158 /* StoreTableViewCell.swift */; };
		7F3AAA5E2313096B00B0B158 /* StoreTableViewCell.xib in Resources */ = {isa = PBXBuildFile; fileRef = 7F3AAA5C2313096B00B0B158 /* StoreTableViewCell.xib */; };
		7F7AC3C2231387140070C488 /* WebKit.framework in Frameworks */ = {isa = PBXBuildFile; fileRef = 7F7AC3C1231387140070C488 /* WebKit.framework */; };
		7F7AC3C42313C22E0070C488 /* ImageHandler.swift in Sources */ = {isa = PBXBuildFile; fileRef = 7F7AC3C32313C22E0070C488 /* ImageHandler.swift */; };
		7F7AC3C6231529440070C488 /* MainNavigationController.swift in Sources */ = {isa = PBXBuildFile; fileRef = 7F7AC3C5231529440070C488 /* MainNavigationController.swift */; };
		7F7F49192318D0C200BDB5E1 /* extension UINavigationController {    open override var preferredStatusBarStyle: UIStatusBarStyle {       return topViewController?.preferredStatusBarStyle ?? .swift in Sources */ = {isa = PBXBuildFile; fileRef = 7F7F49182318D0C200BDB5E1 /* extension UINavigationController {    open override var preferredStatusBarStyle: UIStatusBarStyle {       return topViewController?.preferredStatusBarStyle ?? .swift */; };
		7FC35812230BCF8600EA761D /* AppDelegate.swift in Sources */ = {isa = PBXBuildFile; fileRef = 7FC35811230BCF8600EA761D /* AppDelegate.swift */; };
		7FC35817230BCF8600EA761D /* Main.storyboard in Resources */ = {isa = PBXBuildFile; fileRef = 7FC35815230BCF8600EA761D /* Main.storyboard */; };
		7FC3581A230BCF8600EA761D /* Group9.xcdatamodeld in Sources */ = {isa = PBXBuildFile; fileRef = 7FC35818230BCF8600EA761D /* Group9.xcdatamodeld */; };
		7FC3581C230BCF8700EA761D /* Assets.xcassets in Resources */ = {isa = PBXBuildFile; fileRef = 7FC3581B230BCF8700EA761D /* Assets.xcassets */; };
		7FC3581F230BCF8700EA761D /* LaunchScreen.storyboard in Resources */ = {isa = PBXBuildFile; fileRef = 7FC3581D230BCF8700EA761D /* LaunchScreen.storyboard */; };
		7FC3582A230BCF8800EA761D /* Group9Tests.swift in Sources */ = {isa = PBXBuildFile; fileRef = 7FC35829230BCF8800EA761D /* Group9Tests.swift */; };
		7FC35835230BCF8800EA761D /* Group9UITests.swift in Sources */ = {isa = PBXBuildFile; fileRef = 7FC35834230BCF8800EA761D /* Group9UITests.swift */; };
		7FC35845230BD0BA00EA761D /* CloudKit.framework in Frameworks */ = {isa = PBXBuildFile; fileRef = 7FC35844230BD0BA00EA761D /* CloudKit.framework */; };
		7FC35864230C18C700EA761D /* Search.storyboard in Resources */ = {isa = PBXBuildFile; fileRef = 7FC35863230C18C700EA761D /* Search.storyboard */; };
		7FC35866230C19AC00EA761D /* Profile.storyboard in Resources */ = {isa = PBXBuildFile; fileRef = 7FC35865230C19AC00EA761D /* Profile.storyboard */; };
		7FCFB8732311CCA9007B3DC9 /* DBModel.swift in Sources */ = {isa = PBXBuildFile; fileRef = 7FCFB8722311CCA9007B3DC9 /* DBModel.swift */; };
		7FCFB8752311CCD0007B3DC9 /* DatabaseEnv.swift in Sources */ = {isa = PBXBuildFile; fileRef = 7FCFB8742311CCD0007B3DC9 /* DatabaseEnv.swift */; };
		7FF8A96D230D46F600EA1C71 /* PlaceModel.swift in Sources */ = {isa = PBXBuildFile; fileRef = 7FF8A96C230D46F600EA1C71 /* PlaceModel.swift */; };
		7FF8A975230D572800EA1C71 /* NearByControllerViewController.swift in Sources */ = {isa = PBXBuildFile; fileRef = 7FF8A974230D572800EA1C71 /* NearByControllerViewController.swift */; };
		7FF8A97D230E479C00EA1C71 /* StoreCollectionCell.swift in Sources */ = {isa = PBXBuildFile; fileRef = 7FF8A97B230E479C00EA1C71 /* StoreCollectionCell.swift */; };
		7FF8A97E230E479C00EA1C71 /* StoreCollectionCell.xib in Resources */ = {isa = PBXBuildFile; fileRef = 7FF8A97C230E479C00EA1C71 /* StoreCollectionCell.xib */; };
		BE94B574231029AD0000AA27 /* LocationManager.swift in Sources */ = {isa = PBXBuildFile; fileRef = BE94B573231029AD0000AA27 /* LocationManager.swift */; };
		BE94B578231125C60000AA27 /* SearchNewLocationViewController.swift in Sources */ = {isa = PBXBuildFile; fileRef = BE94B577231125C60000AA27 /* SearchNewLocationViewController.swift */; };
		DC2AE11E231536EC00867085 /* AccountViewController.swift in Sources */ = {isa = PBXBuildFile; fileRef = DC2AE11D231536EC00867085 /* AccountViewController.swift */; };
		DC2AE1202315370C00867085 /* MyAccountViewController.swift in Sources */ = {isa = PBXBuildFile; fileRef = DC2AE11F2315370C00867085 /* MyAccountViewController.swift */; };
		DC2AE1222315371B00867085 /* SignInViewController.swift in Sources */ = {isa = PBXBuildFile; fileRef = DC2AE1212315371B00867085 /* SignInViewController.swift */; };
		DC2AE1242315372600867085 /* SignUpViewController.swift in Sources */ = {isa = PBXBuildFile; fileRef = DC2AE1232315372600867085 /* SignUpViewController.swift */; };
		DC2AE1262315373700867085 /* MyFavoritesViewController.swift in Sources */ = {isa = PBXBuildFile; fileRef = DC2AE1252315373700867085 /* MyFavoritesViewController.swift */; };
		DC2AE12823154D4100867085 /* ViewBorder.swift in Sources */ = {isa = PBXBuildFile; fileRef = DC2AE12723154D4100867085 /* ViewBorder.swift */; };
		DC2AE12A231693F000867085 /* UserData.swift in Sources */ = {isa = PBXBuildFile; fileRef = DC2AE129231693F000867085 /* UserData.swift */; };
		DCE490FB230FFD0F00288143 /* StoreListTableViewCell.swift in Sources */ = {isa = PBXBuildFile; fileRef = DCE490F9230FFD0F00288143 /* StoreListTableViewCell.swift */; };
		DCE490FC230FFD0F00288143 /* StoreListTableViewCell.xib in Resources */ = {isa = PBXBuildFile; fileRef = DCE490FA230FFD0F00288143 /* StoreListTableViewCell.xib */; };
		DCE490FF231050D800288143 /* ReviewTableViewCell.swift in Sources */ = {isa = PBXBuildFile; fileRef = DCE490FD231050D800288143 /* ReviewTableViewCell.swift */; };
		DCE49100231050D800288143 /* ReviewTableViewCell.xib in Resources */ = {isa = PBXBuildFile; fileRef = DCE490FE231050D800288143 /* ReviewTableViewCell.xib */; };
/* End PBXBuildFile section */

/* Begin PBXContainerItemProxy section */
		7FC35826230BCF8800EA761D /* PBXContainerItemProxy */ = {
			isa = PBXContainerItemProxy;
			containerPortal = 7FC35806230BCF8600EA761D /* Project object */;
			proxyType = 1;
			remoteGlobalIDString = 7FC3580D230BCF8600EA761D;
			remoteInfo = Group9;
		};
		7FC35831230BCF8800EA761D /* PBXContainerItemProxy */ = {
			isa = PBXContainerItemProxy;
			containerPortal = 7FC35806230BCF8600EA761D /* Project object */;
			proxyType = 1;
			remoteGlobalIDString = 7FC3580D230BCF8600EA761D;
			remoteInfo = Group9;
		};
/* End PBXContainerItemProxy section */

/* Begin PBXFileReference section */
		2F29863E2310F43200A0DC9B /* ArticleCollectionViewCell.swift */ = {isa = PBXFileReference; lastKnownFileType = sourcecode.swift; path = ArticleCollectionViewCell.swift; sourceTree = "<group>"; };
		2F29863F2310F43200A0DC9B /* ArticleCollectionViewCell.xib */ = {isa = PBXFileReference; lastKnownFileType = file.xib; path = ArticleCollectionViewCell.xib; sourceTree = "<group>"; };
		2F2986442310F58800A0DC9B /* ArticleTableViewCell.swift */ = {isa = PBXFileReference; lastKnownFileType = sourcecode.swift; path = ArticleTableViewCell.swift; sourceTree = "<group>"; };
		2F2986452310F58800A0DC9B /* ArticleTableViewCell.xib */ = {isa = PBXFileReference; lastKnownFileType = file.xib; path = ArticleTableViewCell.xib; sourceTree = "<group>"; };
		2F29864A231131F200A0DC9B /* RecomendedCollectionViewCell.swift */ = {isa = PBXFileReference; lastKnownFileType = sourcecode.swift; path = RecomendedCollectionViewCell.swift; sourceTree = "<group>"; };
		2F29864B231131F200A0DC9B /* RecomendedCollectionViewCell.xib */ = {isa = PBXFileReference; lastKnownFileType = file.xib; path = RecomendedCollectionViewCell.xib; sourceTree = "<group>"; };
		2F2986502311442500A0DC9B /* RecomendedTableViewCell.swift */ = {isa = PBXFileReference; lastKnownFileType = sourcecode.swift; path = RecomendedTableViewCell.swift; sourceTree = "<group>"; };
		2F2986512311442500A0DC9B /* RecomendedTableViewCell.xib */ = {isa = PBXFileReference; lastKnownFileType = file.xib; path = RecomendedTableViewCell.xib; sourceTree = "<group>"; };
		2F29865423116C0800A0DC9B /* Spot.swift */ = {isa = PBXFileReference; lastKnownFileType = sourcecode.swift; path = Spot.swift; sourceTree = "<group>"; };
		2F4E192B2312AE93003A016C /* WebViewController.swift */ = {isa = PBXFileReference; lastKnownFileType = sourcecode.swift; path = WebViewController.swift; sourceTree = "<group>"; };
		2F6EC4D623150CE300A7EDC4 /* UIImage.swift */ = {isa = PBXFileReference; fileEncoding = 4; lastKnownFileType = sourcecode.swift; path = UIImage.swift; sourceTree = "<group>"; };
		2F6EC4D723150CE300A7EDC4 /* UIColor.swift */ = {isa = PBXFileReference; fileEncoding = 4; lastKnownFileType = sourcecode.swift; path = UIColor.swift; sourceTree = "<group>"; };
		2F6EC4D823150CE300A7EDC4 /* UIViewController.swift */ = {isa = PBXFileReference; fileEncoding = 4; lastKnownFileType = sourcecode.swift; path = UIViewController.swift; sourceTree = "<group>"; };
		2FDB7984230FEF5A004789F9 /* Article.swift */ = {isa = PBXFileReference; lastKnownFileType = sourcecode.swift; path = Article.swift; sourceTree = "<group>"; };
		4726384B231678E700C5A0AC /* CalendarEvent.swift */ = {isa = PBXFileReference; lastKnownFileType = sourcecode.swift; path = CalendarEvent.swift; sourceTree = "<group>"; };
		47797659231291C200E11725 /* PlaceReviewTableViewController.swift */ = {isa = PBXFileReference; lastKnownFileType = sourcecode.swift; path = PlaceReviewTableViewController.swift; sourceTree = "<group>"; };
		4779765B231291E100E11725 /* PlaceNewReviewViewController.swift */ = {isa = PBXFileReference; lastKnownFileType = sourcecode.swift; path = PlaceNewReviewViewController.swift; sourceTree = "<group>"; };
		4779765D231294F400E11725 /* StarTableViewCell.swift */ = {isa = PBXFileReference; lastKnownFileType = sourcecode.swift; path = StarTableViewCell.swift; sourceTree = "<group>"; };
		4779765E231294F400E11725 /* StarTableViewCell.xib */ = {isa = PBXFileReference; lastKnownFileType = file.xib; path = StarTableViewCell.xib; sourceTree = "<group>"; };
		47D2CA6E230E83D7003EE10E /* PlaceDetail.storyboard */ = {isa = PBXFileReference; lastKnownFileType = file.storyboard; path = PlaceDetail.storyboard; sourceTree = "<group>"; };
		47D2CA70230E89E0003EE10E /* PlaceDetailViewController.swift */ = {isa = PBXFileReference; lastKnownFileType = sourcecode.swift; path = PlaceDetailViewController.swift; sourceTree = "<group>"; };
		7F12EF20231688480086DE56 /* PlaceCategoryController.swift */ = {isa = PBXFileReference; lastKnownFileType = sourcecode.swift; path = PlaceCategoryController.swift; sourceTree = "<group>"; };
		7F3AAA5B2313096B00B0B158 /* StoreTableViewCell.swift */ = {isa = PBXFileReference; lastKnownFileType = sourcecode.swift; path = StoreTableViewCell.swift; sourceTree = "<group>"; };
		7F3AAA5C2313096B00B0B158 /* StoreTableViewCell.xib */ = {isa = PBXFileReference; lastKnownFileType = file.xib; path = StoreTableViewCell.xib; sourceTree = "<group>"; };
		7F7AC3C1231387140070C488 /* WebKit.framework */ = {isa = PBXFileReference; lastKnownFileType = wrapper.framework; name = WebKit.framework; path = System/Library/Frameworks/WebKit.framework; sourceTree = SDKROOT; };
		7F7AC3C32313C22E0070C488 /* ImageHandler.swift */ = {isa = PBXFileReference; lastKnownFileType = sourcecode.swift; name = ImageHandler.swift; path = Group9/Component/ImageHandler.swift; sourceTree = SOURCE_ROOT; };
		7F7AC3C5231529440070C488 /* MainNavigationController.swift */ = {isa = PBXFileReference; lastKnownFileType = sourcecode.swift; path = MainNavigationController.swift; sourceTree = "<group>"; };
		7F7F49182318D0C200BDB5E1 /* extension UINavigationController {    open override var preferredStatusBarStyle: UIStatusBarStyle {       return topViewController?.preferredStatusBarStyle ?? .swift */ = {isa = PBXFileReference; lastKnownFileType = sourcecode.swift; path = "extension UINavigationController {    open override var preferredStatusBarStyle: UIStatusBarStyle {       return topViewController?.preferredStatusBarStyle ?? .swift"; sourceTree = "<group>"; };
		7FC3580E230BCF8600EA761D /* Group9.app */ = {isa = PBXFileReference; explicitFileType = wrapper.application; includeInIndex = 0; path = Group9.app; sourceTree = BUILT_PRODUCTS_DIR; };
		7FC35811230BCF8600EA761D /* AppDelegate.swift */ = {isa = PBXFileReference; lastKnownFileType = sourcecode.swift; path = AppDelegate.swift; sourceTree = "<group>"; };
		7FC35816230BCF8600EA761D /* Base */ = {isa = PBXFileReference; lastKnownFileType = file.storyboard; name = Base; path = Base.lproj/Main.storyboard; sourceTree = "<group>"; };
		7FC35819230BCF8600EA761D /* Group9.xcdatamodel */ = {isa = PBXFileReference; lastKnownFileType = wrapper.xcdatamodel; path = Group9.xcdatamodel; sourceTree = "<group>"; };
		7FC3581B230BCF8700EA761D /* Assets.xcassets */ = {isa = PBXFileReference; lastKnownFileType = folder.assetcatalog; path = Assets.xcassets; sourceTree = "<group>"; };
		7FC3581E230BCF8700EA761D /* Base */ = {isa = PBXFileReference; lastKnownFileType = file.storyboard; name = Base; path = Base.lproj/LaunchScreen.storyboard; sourceTree = "<group>"; };
		7FC35820230BCF8700EA761D /* Info.plist */ = {isa = PBXFileReference; lastKnownFileType = text.plist.xml; path = Info.plist; sourceTree = "<group>"; };
		7FC35825230BCF8800EA761D /* Group9Tests.xctest */ = {isa = PBXFileReference; explicitFileType = wrapper.cfbundle; includeInIndex = 0; path = Group9Tests.xctest; sourceTree = BUILT_PRODUCTS_DIR; };
		7FC35829230BCF8800EA761D /* Group9Tests.swift */ = {isa = PBXFileReference; lastKnownFileType = sourcecode.swift; path = Group9Tests.swift; sourceTree = "<group>"; };
		7FC3582B230BCF8800EA761D /* Info.plist */ = {isa = PBXFileReference; lastKnownFileType = text.plist.xml; path = Info.plist; sourceTree = "<group>"; };
		7FC35830230BCF8800EA761D /* Group9UITests.xctest */ = {isa = PBXFileReference; explicitFileType = wrapper.cfbundle; includeInIndex = 0; path = Group9UITests.xctest; sourceTree = BUILT_PRODUCTS_DIR; };
		7FC35834230BCF8800EA761D /* Group9UITests.swift */ = {isa = PBXFileReference; lastKnownFileType = sourcecode.swift; path = Group9UITests.swift; sourceTree = "<group>"; };
		7FC35836230BCF8800EA761D /* Info.plist */ = {isa = PBXFileReference; lastKnownFileType = text.plist.xml; path = Info.plist; sourceTree = "<group>"; };
		7FC35842230BD0B300EA761D /* Group9.entitlements */ = {isa = PBXFileReference; lastKnownFileType = text.plist.entitlements; path = Group9.entitlements; sourceTree = "<group>"; };
		7FC35844230BD0BA00EA761D /* CloudKit.framework */ = {isa = PBXFileReference; lastKnownFileType = wrapper.framework; name = CloudKit.framework; path = System/Library/Frameworks/CloudKit.framework; sourceTree = SDKROOT; };
		7FC35863230C18C700EA761D /* Search.storyboard */ = {isa = PBXFileReference; lastKnownFileType = file.storyboard; path = Search.storyboard; sourceTree = "<group>"; };
		7FC35865230C19AC00EA761D /* Profile.storyboard */ = {isa = PBXFileReference; lastKnownFileType = file.storyboard; path = Profile.storyboard; sourceTree = "<group>"; };
		7FCFB8722311CCA9007B3DC9 /* DBModel.swift */ = {isa = PBXFileReference; lastKnownFileType = sourcecode.swift; path = DBModel.swift; sourceTree = "<group>"; };
		7FCFB8742311CCD0007B3DC9 /* DatabaseEnv.swift */ = {isa = PBXFileReference; lastKnownFileType = sourcecode.swift; path = DatabaseEnv.swift; sourceTree = "<group>"; };
		7FF8A96C230D46F600EA1C71 /* PlaceModel.swift */ = {isa = PBXFileReference; lastKnownFileType = sourcecode.swift; path = PlaceModel.swift; sourceTree = "<group>"; };
		7FF8A974230D572800EA1C71 /* NearByControllerViewController.swift */ = {isa = PBXFileReference; lastKnownFileType = sourcecode.swift; path = NearByControllerViewController.swift; sourceTree = "<group>"; };
		7FF8A97B230E479C00EA1C71 /* StoreCollectionCell.swift */ = {isa = PBXFileReference; lastKnownFileType = sourcecode.swift; path = StoreCollectionCell.swift; sourceTree = "<group>"; };
		7FF8A97C230E479C00EA1C71 /* StoreCollectionCell.xib */ = {isa = PBXFileReference; lastKnownFileType = file.xib; path = StoreCollectionCell.xib; sourceTree = "<group>"; };
		BE94B573231029AD0000AA27 /* LocationManager.swift */ = {isa = PBXFileReference; lastKnownFileType = sourcecode.swift; path = LocationManager.swift; sourceTree = "<group>"; };
		BE94B577231125C60000AA27 /* SearchNewLocationViewController.swift */ = {isa = PBXFileReference; lastKnownFileType = sourcecode.swift; path = SearchNewLocationViewController.swift; sourceTree = "<group>"; };
		DC2AE11D231536EC00867085 /* AccountViewController.swift */ = {isa = PBXFileReference; lastKnownFileType = sourcecode.swift; path = AccountViewController.swift; sourceTree = "<group>"; };
		DC2AE11F2315370C00867085 /* MyAccountViewController.swift */ = {isa = PBXFileReference; lastKnownFileType = sourcecode.swift; path = MyAccountViewController.swift; sourceTree = "<group>"; };
		DC2AE1212315371B00867085 /* SignInViewController.swift */ = {isa = PBXFileReference; lastKnownFileType = sourcecode.swift; path = SignInViewController.swift; sourceTree = "<group>"; };
		DC2AE1232315372600867085 /* SignUpViewController.swift */ = {isa = PBXFileReference; lastKnownFileType = sourcecode.swift; path = SignUpViewController.swift; sourceTree = "<group>"; };
		DC2AE1252315373700867085 /* MyFavoritesViewController.swift */ = {isa = PBXFileReference; lastKnownFileType = sourcecode.swift; path = MyFavoritesViewController.swift; sourceTree = "<group>"; };
		DC2AE12723154D4100867085 /* ViewBorder.swift */ = {isa = PBXFileReference; lastKnownFileType = sourcecode.swift; name = ViewBorder.swift; path = Group9/Controllers/ViewBorder.swift; sourceTree = SOURCE_ROOT; };
		DC2AE129231693F000867085 /* UserData.swift */ = {isa = PBXFileReference; lastKnownFileType = sourcecode.swift; path = UserData.swift; sourceTree = "<group>"; };
		DCE490F9230FFD0F00288143 /* StoreListTableViewCell.swift */ = {isa = PBXFileReference; lastKnownFileType = sourcecode.swift; path = StoreListTableViewCell.swift; sourceTree = "<group>"; };
		DCE490FA230FFD0F00288143 /* StoreListTableViewCell.xib */ = {isa = PBXFileReference; lastKnownFileType = file.xib; path = StoreListTableViewCell.xib; sourceTree = "<group>"; };
		DCE490FD231050D800288143 /* ReviewTableViewCell.swift */ = {isa = PBXFileReference; lastKnownFileType = sourcecode.swift; path = ReviewTableViewCell.swift; sourceTree = "<group>"; };
		DCE490FE231050D800288143 /* ReviewTableViewCell.xib */ = {isa = PBXFileReference; lastKnownFileType = file.xib; path = ReviewTableViewCell.xib; sourceTree = "<group>"; };
/* End PBXFileReference section */

/* Begin PBXFrameworksBuildPhase section */
		7FC3580B230BCF8600EA761D /* Frameworks */ = {
			isa = PBXFrameworksBuildPhase;
			buildActionMask = 2147483647;
			files = (
				7F7AC3C2231387140070C488 /* WebKit.framework in Frameworks */,
				7FC35845230BD0BA00EA761D /* CloudKit.framework in Frameworks */,
			);
			runOnlyForDeploymentPostprocessing = 0;
		};
		7FC35822230BCF8800EA761D /* Frameworks */ = {
			isa = PBXFrameworksBuildPhase;
			buildActionMask = 2147483647;
			files = (
			);
			runOnlyForDeploymentPostprocessing = 0;
		};
		7FC3582D230BCF8800EA761D /* Frameworks */ = {
			isa = PBXFrameworksBuildPhase;
			buildActionMask = 2147483647;
			files = (
			);
			runOnlyForDeploymentPostprocessing = 0;
		};
/* End PBXFrameworksBuildPhase section */

/* Begin PBXGroup section */
		7FC35805230BCF8600EA761D = {
			isa = PBXGroup;
			children = (
				7FC35810230BCF8600EA761D /* Group9 */,
				7FC35828230BCF8800EA761D /* Group9Tests */,
				7FC35833230BCF8800EA761D /* Group9UITests */,
				7FC3580F230BCF8600EA761D /* Products */,
				7FC35843230BD0BA00EA761D /* Frameworks */,
			);
			sourceTree = "<group>";
			usesTabs = 0;
		};
		7FC3580F230BCF8600EA761D /* Products */ = {
			isa = PBXGroup;
			children = (
				7FC3580E230BCF8600EA761D /* Group9.app */,
				7FC35825230BCF8800EA761D /* Group9Tests.xctest */,
				7FC35830230BCF8800EA761D /* Group9UITests.xctest */,
			);
			name = Products;
			sourceTree = "<group>";
		};
		7FC35810230BCF8600EA761D /* Group9 */ = {
			isa = PBXGroup;
			children = (
				7FC35849230C06C700EA761D /* Helper */,
				7FC3584A230C076700EA761D /* Component */,
				7FC35848230C06A000EA761D /* Controllers */,
				7FC35847230C069800EA761D /* Views */,
				7FC35846230C067C00EA761D /* Models */,
				7FC35811230BCF8600EA761D /* AppDelegate.swift */,
				7FC3581B230BCF8700EA761D /* Assets.xcassets */,
				7FC35820230BCF8700EA761D /* Info.plist */,
				7FC35842230BD0B300EA761D /* Group9.entitlements */,
			);
			path = Group9;
			sourceTree = "<group>";
		};
		7FC35828230BCF8800EA761D /* Group9Tests */ = {
			isa = PBXGroup;
			children = (
				7FC35829230BCF8800EA761D /* Group9Tests.swift */,
				7FC3582B230BCF8800EA761D /* Info.plist */,
			);
			path = Group9Tests;
			sourceTree = "<group>";
		};
		7FC35833230BCF8800EA761D /* Group9UITests */ = {
			isa = PBXGroup;
			children = (
				7FC35834230BCF8800EA761D /* Group9UITests.swift */,
				7FC35836230BCF8800EA761D /* Info.plist */,
			);
			path = Group9UITests;
			sourceTree = "<group>";
		};
		7FC35843230BD0BA00EA761D /* Frameworks */ = {
			isa = PBXGroup;
			children = (
				7F7AC3C1231387140070C488 /* WebKit.framework */,
				7FC35844230BD0BA00EA761D /* CloudKit.framework */,
			);
			name = Frameworks;
			sourceTree = "<group>";
		};
		7FC35846230C067C00EA761D /* Models */ = {
			isa = PBXGroup;
			children = (
				7FC35818230BCF8600EA761D /* Group9.xcdatamodeld */,
				7FF8A96C230D46F600EA1C71 /* PlaceModel.swift */,
				7FCFB8722311CCA9007B3DC9 /* DBModel.swift */,
				2FDB7984230FEF5A004789F9 /* Article.swift */,
				BE94B573231029AD0000AA27 /* LocationManager.swift */,
				7FCFB8742311CCD0007B3DC9 /* DatabaseEnv.swift */,
				2F29865423116C0800A0DC9B /* Spot.swift */,
				DC2AE129231693F000867085 /* UserData.swift */,
				4726384B231678E700C5A0AC /* CalendarEvent.swift */,
			);
			path = Models;
			sourceTree = "<group>";
		};
		7FC35847230C069800EA761D /* Views */ = {
			isa = PBXGroup;
			children = (
				7FF8A978230E419F00EA1C71 /* Components */,
				7FC35815230BCF8600EA761D /* Main.storyboard */,
				7FC3581D230BCF8700EA761D /* LaunchScreen.storyboard */,
				7FC35863230C18C700EA761D /* Search.storyboard */,
				7FC35865230C19AC00EA761D /* Profile.storyboard */,
				47D2CA6E230E83D7003EE10E /* PlaceDetail.storyboard */,
			);
			path = Views;
			sourceTree = "<group>";
		};
		7FC35848230C06A000EA761D /* Controllers */ = {
			isa = PBXGroup;
			children = (
				DC2AE1252315373700867085 /* MyFavoritesViewController.swift */,
				BE94B577231125C60000AA27 /* SearchNewLocationViewController.swift */,
				7FF8A974230D572800EA1C71 /* NearByControllerViewController.swift */,
				2F4E192B2312AE93003A016C /* WebViewController.swift */,
				47D2CA70230E89E0003EE10E /* PlaceDetailViewController.swift */,
				47797659231291C200E11725 /* PlaceReviewTableViewController.swift */,
				4779765B231291E100E11725 /* PlaceNewReviewViewController.swift */,
				7F7AC3C5231529440070C488 /* MainNavigationController.swift */,
				7F12EF20231688480086DE56 /* PlaceCategoryController.swift */,
				DC2AE11D231536EC00867085 /* AccountViewController.swift */,
				DC2AE11F2315370C00867085 /* MyAccountViewController.swift */,
				DC2AE1212315371B00867085 /* SignInViewController.swift */,
				DC2AE1232315372600867085 /* SignUpViewController.swift */,
			);
			path = Controllers;
			sourceTree = "<group>";
		};
		7FC35849230C06C700EA761D /* Helper */ = {
			isa = PBXGroup;
			children = (
				2F6EC4D723150CE300A7EDC4 /* UIColor.swift */,
				2F6EC4D623150CE300A7EDC4 /* UIImage.swift */,
				2F6EC4D823150CE300A7EDC4 /* UIViewController.swift */,
				7F7AC3C32313C22E0070C488 /* ImageHandler.swift */,
				DC2AE12723154D4100867085 /* ViewBorder.swift */,
				7F7F49182318D0C200BDB5E1 /* extension UINavigationController {    open override var preferredStatusBarStyle: UIStatusBarStyle {       return topViewController?.preferredStatusBarStyle ?? .swift */,
			);
			path = Helper;
			sourceTree = "<group>";
		};
		7FC3584A230C076700EA761D /* Component */ = {
			isa = PBXGroup;
			children = (
				7F3AAA5B2313096B00B0B158 /* StoreTableViewCell.swift */,
				7FF8A97B230E479C00EA1C71 /* StoreCollectionCell.swift */,
				DCE490F9230FFD0F00288143 /* StoreListTableViewCell.swift */,
				DCE490FD231050D800288143 /* ReviewTableViewCell.swift */,
				2F29863E2310F43200A0DC9B /* ArticleCollectionViewCell.swift */,
				2F2986442310F58800A0DC9B /* ArticleTableViewCell.swift */,
				2F2986502311442500A0DC9B /* RecomendedTableViewCell.swift */,
				2F29864A231131F200A0DC9B /* RecomendedCollectionViewCell.swift */,
				4779765D231294F400E11725 /* StarTableViewCell.swift */,
			);
			path = Component;
			sourceTree = "<group>";
		};
		7FF8A978230E419F00EA1C71 /* Components */ = {
			isa = PBXGroup;
			children = (
				DCE490FA230FFD0F00288143 /* StoreListTableViewCell.xib */,
				7F3AAA5C2313096B00B0B158 /* StoreTableViewCell.xib */,
				7FF8A97C230E479C00EA1C71 /* StoreCollectionCell.xib */,
				DCE490FE231050D800288143 /* ReviewTableViewCell.xib */,
				2F2986452310F58800A0DC9B /* ArticleTableViewCell.xib */,
				2F29863F2310F43200A0DC9B /* ArticleCollectionViewCell.xib */,
				2F29864B231131F200A0DC9B /* RecomendedCollectionViewCell.xib */,
				2F2986512311442500A0DC9B /* RecomendedTableViewCell.xib */,
				4779765E231294F400E11725 /* StarTableViewCell.xib */,
			);
			path = Components;
			sourceTree = "<group>";
		};
/* End PBXGroup section */

/* Begin PBXNativeTarget section */
		7FC3580D230BCF8600EA761D /* Group9 */ = {
			isa = PBXNativeTarget;
			buildConfigurationList = 7FC35839230BCF8800EA761D /* Build configuration list for PBXNativeTarget "Group9" */;
			buildPhases = (
				7FC3580A230BCF8600EA761D /* Sources */,
				7FC3580B230BCF8600EA761D /* Frameworks */,
				7FC3580C230BCF8600EA761D /* Resources */,
			);
			buildRules = (
			);
			dependencies = (
			);
			name = Group9;
			productName = Group9;
			productReference = 7FC3580E230BCF8600EA761D /* Group9.app */;
			productType = "com.apple.product-type.application";
		};
		7FC35824230BCF8800EA761D /* Group9Tests */ = {
			isa = PBXNativeTarget;
			buildConfigurationList = 7FC3583C230BCF8800EA761D /* Build configuration list for PBXNativeTarget "Group9Tests" */;
			buildPhases = (
				7FC35821230BCF8800EA761D /* Sources */,
				7FC35822230BCF8800EA761D /* Frameworks */,
				7FC35823230BCF8800EA761D /* Resources */,
			);
			buildRules = (
			);
			dependencies = (
				7FC35827230BCF8800EA761D /* PBXTargetDependency */,
			);
			name = Group9Tests;
			productName = Group9Tests;
			productReference = 7FC35825230BCF8800EA761D /* Group9Tests.xctest */;
			productType = "com.apple.product-type.bundle.unit-test";
		};
		7FC3582F230BCF8800EA761D /* Group9UITests */ = {
			isa = PBXNativeTarget;
			buildConfigurationList = 7FC3583F230BCF8800EA761D /* Build configuration list for PBXNativeTarget "Group9UITests" */;
			buildPhases = (
				7FC3582C230BCF8800EA761D /* Sources */,
				7FC3582D230BCF8800EA761D /* Frameworks */,
				7FC3582E230BCF8800EA761D /* Resources */,
			);
			buildRules = (
			);
			dependencies = (
				7FC35832230BCF8800EA761D /* PBXTargetDependency */,
			);
			name = Group9UITests;
			productName = Group9UITests;
			productReference = 7FC35830230BCF8800EA761D /* Group9UITests.xctest */;
			productType = "com.apple.product-type.bundle.ui-testing";
		};
/* End PBXNativeTarget section */

/* Begin PBXProject section */
		7FC35806230BCF8600EA761D /* Project object */ = {
			isa = PBXProject;
			attributes = {
				LastSwiftUpdateCheck = 1030;
				LastUpgradeCheck = 1030;
				ORGANIZATIONNAME = ridolud;
				TargetAttributes = {
					7FC3580D230BCF8600EA761D = {
						CreatedOnToolsVersion = 10.3;
						SystemCapabilities = {
							com.apple.Push = {
								enabled = 1;
							};
							com.apple.iCloud = {
								enabled = 1;
							};
						};
					};
					7FC35824230BCF8800EA761D = {
						CreatedOnToolsVersion = 10.3;
						TestTargetID = 7FC3580D230BCF8600EA761D;
					};
					7FC3582F230BCF8800EA761D = {
						CreatedOnToolsVersion = 10.3;
						TestTargetID = 7FC3580D230BCF8600EA761D;
					};
				};
			};
			buildConfigurationList = 7FC35809230BCF8600EA761D /* Build configuration list for PBXProject "Group9" */;
			compatibilityVersion = "Xcode 10.0";
			developmentRegion = en;
			hasScannedForEncodings = 0;
			knownRegions = (
				en,
				Base,
			);
			mainGroup = 7FC35805230BCF8600EA761D;
			productRefGroup = 7FC3580F230BCF8600EA761D /* Products */;
			projectDirPath = "";
			projectRoot = "";
			targets = (
				7FC3580D230BCF8600EA761D /* Group9 */,
				7FC35824230BCF8800EA761D /* Group9Tests */,
				7FC3582F230BCF8800EA761D /* Group9UITests */,
			);
		};
/* End PBXProject section */

/* Begin PBXResourcesBuildPhase section */
		7FC3580C230BCF8600EA761D /* Resources */ = {
			isa = PBXResourcesBuildPhase;
			buildActionMask = 2147483647;
			files = (
				2F2986472310F58800A0DC9B /* ArticleTableViewCell.xib in Resources */,
				7FC35866230C19AC00EA761D /* Profile.storyboard in Resources */,
				2F2986412310F43200A0DC9B /* ArticleCollectionViewCell.xib in Resources */,
				7FF8A97E230E479C00EA1C71 /* StoreCollectionCell.xib in Resources */,
				7FC3581F230BCF8700EA761D /* LaunchScreen.storyboard in Resources */,
				DCE49100231050D800288143 /* ReviewTableViewCell.xib in Resources */,
				2F2986532311442500A0DC9B /* RecomendedTableViewCell.xib in Resources */,
				47797660231294F400E11725 /* StarTableViewCell.xib in Resources */,
				47D2CA6F230E83D7003EE10E /* PlaceDetail.storyboard in Resources */,
				7FC3581C230BCF8700EA761D /* Assets.xcassets in Resources */,
				2F29864D231131F200A0DC9B /* RecomendedCollectionViewCell.xib in Resources */,
				7F3AAA5E2313096B00B0B158 /* StoreTableViewCell.xib in Resources */,
				7FC35817230BCF8600EA761D /* Main.storyboard in Resources */,
				7FC35864230C18C700EA761D /* Search.storyboard in Resources */,
				DCE490FC230FFD0F00288143 /* StoreListTableViewCell.xib in Resources */,
			);
			runOnlyForDeploymentPostprocessing = 0;
		};
		7FC35823230BCF8800EA761D /* Resources */ = {
			isa = PBXResourcesBuildPhase;
			buildActionMask = 2147483647;
			files = (
			);
			runOnlyForDeploymentPostprocessing = 0;
		};
		7FC3582E230BCF8800EA761D /* Resources */ = {
			isa = PBXResourcesBuildPhase;
			buildActionMask = 2147483647;
			files = (
			);
			runOnlyForDeploymentPostprocessing = 0;
		};
/* End PBXResourcesBuildPhase section */

/* Begin PBXSourcesBuildPhase section */
		7FC3580A230BCF8600EA761D /* Sources */ = {
			isa = PBXSourcesBuildPhase;
			buildActionMask = 2147483647;
			files = (
				7F7AC3C6231529440070C488 /* MainNavigationController.swift in Sources */,
				DCE490FB230FFD0F00288143 /* StoreListTableViewCell.swift in Sources */,
				7FF8A96D230D46F600EA1C71 /* PlaceModel.swift in Sources */,
				7F12EF21231688480086DE56 /* PlaceCategoryController.swift in Sources */,
				7FCFB8752311CCD0007B3DC9 /* DatabaseEnv.swift in Sources */,
				DC2AE12823154D4100867085 /* ViewBorder.swift in Sources */,
				7FF8A97D230E479C00EA1C71 /* StoreCollectionCell.swift in Sources */,
				2F6EC4DB23150CE400A7EDC4 /* UIViewController.swift in Sources */,
				BE94B574231029AD0000AA27 /* LocationManager.swift in Sources */,
				2F29864C231131F200A0DC9B /* RecomendedCollectionViewCell.swift in Sources */,
				4779765F231294F400E11725 /* StarTableViewCell.swift in Sources */,
				DC2AE11E231536EC00867085 /* AccountViewController.swift in Sources */,
				DC2AE1262315373700867085 /* MyFavoritesViewController.swift in Sources */,
				4779765A231291C200E11725 /* PlaceReviewTableViewController.swift in Sources */,
				DC2AE1222315371B00867085 /* SignInViewController.swift in Sources */,
				DC2AE1202315370C00867085 /* MyAccountViewController.swift in Sources */,
				7F7F49192318D0C200BDB5E1 /* extension UINavigationController {    open override var preferredStatusBarStyle: UIStatusBarStyle {       return topViewController?.preferredStatusBarStyle ?? .swift in Sources */,
				7FF8A975230D572800EA1C71 /* NearByControllerViewController.swift in Sources */,
				4726384C231678E700C5A0AC /* CalendarEvent.swift in Sources */,
				2F29865523116C0800A0DC9B /* Spot.swift in Sources */,
				2F6EC4DA23150CE400A7EDC4 /* UIColor.swift in Sources */,
				2FDB7985230FEF5A004789F9 /* Article.swift in Sources */,
				DCE490FF231050D800288143 /* ReviewTableViewCell.swift in Sources */,
				7F7AC3C42313C22E0070C488 /* ImageHandler.swift in Sources */,
				2F2986462310F58800A0DC9B /* ArticleTableViewCell.swift in Sources */,
				7FC35812230BCF8600EA761D /* AppDelegate.swift in Sources */,
				2F6EC4D923150CE400A7EDC4 /* UIImage.swift in Sources */,
				2F2986402310F43200A0DC9B /* ArticleCollectionViewCell.swift in Sources */,
				2F2986522311442500A0DC9B /* RecomendedTableViewCell.swift in Sources */,
				47D2CA71230E89E0003EE10E /* PlaceDetailViewController.swift in Sources */,
				BE94B578231125C60000AA27 /* SearchNewLocationViewController.swift in Sources */,
				DC2AE1242315372600867085 /* SignUpViewController.swift in Sources */,
				DC2AE12A231693F000867085 /* UserData.swift in Sources */,
				7FCFB8732311CCA9007B3DC9 /* DBModel.swift in Sources */,
				2F4E192C2312AE93003A016C /* WebViewController.swift in Sources */,
				7FC3581A230BCF8600EA761D /* Group9.xcdatamodeld in Sources */,
				7F3AAA5D2313096B00B0B158 /* StoreTableViewCell.swift in Sources */,
				4779765C231291E100E11725 /* PlaceNewReviewViewController.swift in Sources */,
			);
			runOnlyForDeploymentPostprocessing = 0;
		};
		7FC35821230BCF8800EA761D /* Sources */ = {
			isa = PBXSourcesBuildPhase;
			buildActionMask = 2147483647;
			files = (
				7FC3582A230BCF8800EA761D /* Group9Tests.swift in Sources */,
			);
			runOnlyForDeploymentPostprocessing = 0;
		};
		7FC3582C230BCF8800EA761D /* Sources */ = {
			isa = PBXSourcesBuildPhase;
			buildActionMask = 2147483647;
			files = (
				7FC35835230BCF8800EA761D /* Group9UITests.swift in Sources */,
			);
			runOnlyForDeploymentPostprocessing = 0;
		};
/* End PBXSourcesBuildPhase section */

/* Begin PBXTargetDependency section */
		7FC35827230BCF8800EA761D /* PBXTargetDependency */ = {
			isa = PBXTargetDependency;
			target = 7FC3580D230BCF8600EA761D /* Group9 */;
			targetProxy = 7FC35826230BCF8800EA761D /* PBXContainerItemProxy */;
		};
		7FC35832230BCF8800EA761D /* PBXTargetDependency */ = {
			isa = PBXTargetDependency;
			target = 7FC3580D230BCF8600EA761D /* Group9 */;
			targetProxy = 7FC35831230BCF8800EA761D /* PBXContainerItemProxy */;
		};
/* End PBXTargetDependency section */

/* Begin PBXVariantGroup section */
		7FC35815230BCF8600EA761D /* Main.storyboard */ = {
			isa = PBXVariantGroup;
			children = (
				7FC35816230BCF8600EA761D /* Base */,
			);
			name = Main.storyboard;
			sourceTree = "<group>";
		};
		7FC3581D230BCF8700EA761D /* LaunchScreen.storyboard */ = {
			isa = PBXVariantGroup;
			children = (
				7FC3581E230BCF8700EA761D /* Base */,
			);
			name = LaunchScreen.storyboard;
			sourceTree = "<group>";
		};
/* End PBXVariantGroup section */

/* Begin XCBuildConfiguration section */
		7FC35837230BCF8800EA761D /* Debug */ = {
			isa = XCBuildConfiguration;
			buildSettings = {
				ALWAYS_SEARCH_USER_PATHS = NO;
				CLANG_ANALYZER_NONNULL = YES;
				CLANG_ANALYZER_NUMBER_OBJECT_CONVERSION = YES_AGGRESSIVE;
				CLANG_CXX_LANGUAGE_STANDARD = "gnu++14";
				CLANG_CXX_LIBRARY = "libc++";
				CLANG_ENABLE_MODULES = YES;
				CLANG_ENABLE_OBJC_ARC = YES;
				CLANG_ENABLE_OBJC_WEAK = YES;
				CLANG_WARN_BLOCK_CAPTURE_AUTORELEASING = YES;
				CLANG_WARN_BOOL_CONVERSION = YES;
				CLANG_WARN_COMMA = YES;
				CLANG_WARN_CONSTANT_CONVERSION = YES;
				CLANG_WARN_DEPRECATED_OBJC_IMPLEMENTATIONS = YES;
				CLANG_WARN_DIRECT_OBJC_ISA_USAGE = YES_ERROR;
				CLANG_WARN_DOCUMENTATION_COMMENTS = YES;
				CLANG_WARN_EMPTY_BODY = YES;
				CLANG_WARN_ENUM_CONVERSION = YES;
				CLANG_WARN_INFINITE_RECURSION = YES;
				CLANG_WARN_INT_CONVERSION = YES;
				CLANG_WARN_NON_LITERAL_NULL_CONVERSION = YES;
				CLANG_WARN_OBJC_IMPLICIT_RETAIN_SELF = YES;
				CLANG_WARN_OBJC_LITERAL_CONVERSION = YES;
				CLANG_WARN_OBJC_ROOT_CLASS = YES_ERROR;
				CLANG_WARN_RANGE_LOOP_ANALYSIS = YES;
				CLANG_WARN_STRICT_PROTOTYPES = YES;
				CLANG_WARN_SUSPICIOUS_MOVE = YES;
				CLANG_WARN_UNGUARDED_AVAILABILITY = YES_AGGRESSIVE;
				CLANG_WARN_UNREACHABLE_CODE = YES;
				CLANG_WARN__DUPLICATE_METHOD_MATCH = YES;
				CODE_SIGN_IDENTITY = "iPhone Developer";
				COPY_PHASE_STRIP = NO;
				DEBUG_INFORMATION_FORMAT = dwarf;
				ENABLE_STRICT_OBJC_MSGSEND = YES;
				ENABLE_TESTABILITY = YES;
				GCC_C_LANGUAGE_STANDARD = gnu11;
				GCC_DYNAMIC_NO_PIC = NO;
				GCC_NO_COMMON_BLOCKS = YES;
				GCC_OPTIMIZATION_LEVEL = 0;
				GCC_PREPROCESSOR_DEFINITIONS = (
					"DEBUG=1",
					"$(inherited)",
				);
				GCC_WARN_64_TO_32_BIT_CONVERSION = YES;
				GCC_WARN_ABOUT_RETURN_TYPE = YES_ERROR;
				GCC_WARN_UNDECLARED_SELECTOR = YES;
				GCC_WARN_UNINITIALIZED_AUTOS = YES_AGGRESSIVE;
				GCC_WARN_UNUSED_FUNCTION = YES;
				GCC_WARN_UNUSED_VARIABLE = YES;
				IPHONEOS_DEPLOYMENT_TARGET = 12.4;
				MTL_ENABLE_DEBUG_INFO = INCLUDE_SOURCE;
				MTL_FAST_MATH = YES;
				ONLY_ACTIVE_ARCH = YES;
				SDKROOT = iphoneos;
				SWIFT_ACTIVE_COMPILATION_CONDITIONS = DEBUG;
				SWIFT_OPTIMIZATION_LEVEL = "-Onone";
			};
			name = Debug;
		};
		7FC35838230BCF8800EA761D /* Release */ = {
			isa = XCBuildConfiguration;
			buildSettings = {
				ALWAYS_SEARCH_USER_PATHS = NO;
				CLANG_ANALYZER_NONNULL = YES;
				CLANG_ANALYZER_NUMBER_OBJECT_CONVERSION = YES_AGGRESSIVE;
				CLANG_CXX_LANGUAGE_STANDARD = "gnu++14";
				CLANG_CXX_LIBRARY = "libc++";
				CLANG_ENABLE_MODULES = YES;
				CLANG_ENABLE_OBJC_ARC = YES;
				CLANG_ENABLE_OBJC_WEAK = YES;
				CLANG_WARN_BLOCK_CAPTURE_AUTORELEASING = YES;
				CLANG_WARN_BOOL_CONVERSION = YES;
				CLANG_WARN_COMMA = YES;
				CLANG_WARN_CONSTANT_CONVERSION = YES;
				CLANG_WARN_DEPRECATED_OBJC_IMPLEMENTATIONS = YES;
				CLANG_WARN_DIRECT_OBJC_ISA_USAGE = YES_ERROR;
				CLANG_WARN_DOCUMENTATION_COMMENTS = YES;
				CLANG_WARN_EMPTY_BODY = YES;
				CLANG_WARN_ENUM_CONVERSION = YES;
				CLANG_WARN_INFINITE_RECURSION = YES;
				CLANG_WARN_INT_CONVERSION = YES;
				CLANG_WARN_NON_LITERAL_NULL_CONVERSION = YES;
				CLANG_WARN_OBJC_IMPLICIT_RETAIN_SELF = YES;
				CLANG_WARN_OBJC_LITERAL_CONVERSION = YES;
				CLANG_WARN_OBJC_ROOT_CLASS = YES_ERROR;
				CLANG_WARN_RANGE_LOOP_ANALYSIS = YES;
				CLANG_WARN_STRICT_PROTOTYPES = YES;
				CLANG_WARN_SUSPICIOUS_MOVE = YES;
				CLANG_WARN_UNGUARDED_AVAILABILITY = YES_AGGRESSIVE;
				CLANG_WARN_UNREACHABLE_CODE = YES;
				CLANG_WARN__DUPLICATE_METHOD_MATCH = YES;
				CODE_SIGN_IDENTITY = "iPhone Developer";
				COPY_PHASE_STRIP = NO;
				DEBUG_INFORMATION_FORMAT = "dwarf-with-dsym";
				ENABLE_NS_ASSERTIONS = NO;
				ENABLE_STRICT_OBJC_MSGSEND = YES;
				GCC_C_LANGUAGE_STANDARD = gnu11;
				GCC_NO_COMMON_BLOCKS = YES;
				GCC_WARN_64_TO_32_BIT_CONVERSION = YES;
				GCC_WARN_ABOUT_RETURN_TYPE = YES_ERROR;
				GCC_WARN_UNDECLARED_SELECTOR = YES;
				GCC_WARN_UNINITIALIZED_AUTOS = YES_AGGRESSIVE;
				GCC_WARN_UNUSED_FUNCTION = YES;
				GCC_WARN_UNUSED_VARIABLE = YES;
				IPHONEOS_DEPLOYMENT_TARGET = 12.4;
				MTL_ENABLE_DEBUG_INFO = NO;
				MTL_FAST_MATH = YES;
				SDKROOT = iphoneos;
				SWIFT_COMPILATION_MODE = wholemodule;
				SWIFT_OPTIMIZATION_LEVEL = "-O";
				VALIDATE_PRODUCT = YES;
			};
			name = Release;
		};
		7FC3583A230BCF8800EA761D /* Debug */ = {
			isa = XCBuildConfiguration;
			buildSettings = {
				ASSETCATALOG_COMPILER_APPICON_NAME = AppIcon;
				CODE_SIGN_ENTITLEMENTS = Group9/Group9.entitlements;
				CODE_SIGN_IDENTITY = "iPhone Developer";
				CODE_SIGN_STYLE = Automatic;
				DEVELOPMENT_TEAM = 4H65A594JP;
				INFOPLIST_FILE = Group9/Info.plist;
				LD_RUNPATH_SEARCH_PATHS = (
					"$(inherited)",
					"@executable_path/Frameworks",
				);
				PRODUCT_BUNDLE_IDENTIFIER = com.ridolud.Group9;
				PRODUCT_NAME = "$(TARGET_NAME)";
				PROVISIONING_PROFILE_SPECIFIER = "";
				SWIFT_VERSION = 5.0;
				TARGETED_DEVICE_FAMILY = "1,2";
			};
			name = Debug;
		};
		7FC3583B230BCF8800EA761D /* Release */ = {
			isa = XCBuildConfiguration;
			buildSettings = {
				ASSETCATALOG_COMPILER_APPICON_NAME = AppIcon;
				CODE_SIGN_ENTITLEMENTS = Group9/Group9.entitlements;
				CODE_SIGN_IDENTITY = "iPhone Developer";
				CODE_SIGN_STYLE = Automatic;
				DEVELOPMENT_TEAM = 4H65A594JP;
				INFOPLIST_FILE = Group9/Info.plist;
				LD_RUNPATH_SEARCH_PATHS = (
					"$(inherited)",
					"@executable_path/Frameworks",
				);
				PRODUCT_BUNDLE_IDENTIFIER = com.ridolud.Group9;
				PRODUCT_NAME = "$(TARGET_NAME)";
				PROVISIONING_PROFILE_SPECIFIER = "";
				SWIFT_VERSION = 5.0;
				TARGETED_DEVICE_FAMILY = "1,2";
			};
			name = Release;
		};
		7FC3583D230BCF8800EA761D /* Debug */ = {
			isa = XCBuildConfiguration;
			buildSettings = {
				ALWAYS_EMBED_SWIFT_STANDARD_LIBRARIES = YES;
				BUNDLE_LOADER = "$(TEST_HOST)";
				CODE_SIGN_STYLE = Automatic;
				DEVELOPMENT_TEAM = UUHXR699G4;
				INFOPLIST_FILE = Group9Tests/Info.plist;
				LD_RUNPATH_SEARCH_PATHS = (
					"$(inherited)",
					"@executable_path/Frameworks",
					"@loader_path/Frameworks",
				);
				PRODUCT_BUNDLE_IDENTIFIER = com.ridolud.Group9Tests;
				PRODUCT_NAME = "$(TARGET_NAME)";
				SWIFT_VERSION = 5.0;
				TARGETED_DEVICE_FAMILY = "1,2";
				TEST_HOST = "$(BUILT_PRODUCTS_DIR)/Group9.app/Group9";
			};
			name = Debug;
		};
		7FC3583E230BCF8800EA761D /* Release */ = {
			isa = XCBuildConfiguration;
			buildSettings = {
				ALWAYS_EMBED_SWIFT_STANDARD_LIBRARIES = YES;
				BUNDLE_LOADER = "$(TEST_HOST)";
				CODE_SIGN_STYLE = Automatic;
				DEVELOPMENT_TEAM = UUHXR699G4;
				INFOPLIST_FILE = Group9Tests/Info.plist;
				LD_RUNPATH_SEARCH_PATHS = (
					"$(inherited)",
					"@executable_path/Frameworks",
					"@loader_path/Frameworks",
				);
				PRODUCT_BUNDLE_IDENTIFIER = com.ridolud.Group9Tests;
				PRODUCT_NAME = "$(TARGET_NAME)";
				SWIFT_VERSION = 5.0;
				TARGETED_DEVICE_FAMILY = "1,2";
				TEST_HOST = "$(BUILT_PRODUCTS_DIR)/Group9.app/Group9";
			};
			name = Release;
		};
		7FC35840230BCF8800EA761D /* Debug */ = {
			isa = XCBuildConfiguration;
			buildSettings = {
				ALWAYS_EMBED_SWIFT_STANDARD_LIBRARIES = YES;
				CODE_SIGN_STYLE = Automatic;
				DEVELOPMENT_TEAM = UUHXR699G4;
				INFOPLIST_FILE = Group9UITests/Info.plist;
				LD_RUNPATH_SEARCH_PATHS = (
					"$(inherited)",
					"@executable_path/Frameworks",
					"@loader_path/Frameworks",
				);
				PRODUCT_BUNDLE_IDENTIFIER = com.ridolud.Group9UITests;
				PRODUCT_NAME = "$(TARGET_NAME)";
				SWIFT_VERSION = 5.0;
				TARGETED_DEVICE_FAMILY = "1,2";
				TEST_TARGET_NAME = Group9;
			};
			name = Debug;
		};
		7FC35841230BCF8800EA761D /* Release */ = {
			isa = XCBuildConfiguration;
			buildSettings = {
				ALWAYS_EMBED_SWIFT_STANDARD_LIBRARIES = YES;
				CODE_SIGN_STYLE = Automatic;
				DEVELOPMENT_TEAM = UUHXR699G4;
				INFOPLIST_FILE = Group9UITests/Info.plist;
				LD_RUNPATH_SEARCH_PATHS = (
					"$(inherited)",
					"@executable_path/Frameworks",
					"@loader_path/Frameworks",
				);
				PRODUCT_BUNDLE_IDENTIFIER = com.ridolud.Group9UITests;
				PRODUCT_NAME = "$(TARGET_NAME)";
				SWIFT_VERSION = 5.0;
				TARGETED_DEVICE_FAMILY = "1,2";
				TEST_TARGET_NAME = Group9;
			};
			name = Release;
		};
/* End XCBuildConfiguration section */

/* Begin XCConfigurationList section */
		7FC35809230BCF8600EA761D /* Build configuration list for PBXProject "Group9" */ = {
			isa = XCConfigurationList;
			buildConfigurations = (
				7FC35837230BCF8800EA761D /* Debug */,
				7FC35838230BCF8800EA761D /* Release */,
			);
			defaultConfigurationIsVisible = 0;
			defaultConfigurationName = Release;
		};
		7FC35839230BCF8800EA761D /* Build configuration list for PBXNativeTarget "Group9" */ = {
			isa = XCConfigurationList;
			buildConfigurations = (
				7FC3583A230BCF8800EA761D /* Debug */,
				7FC3583B230BCF8800EA761D /* Release */,
			);
			defaultConfigurationIsVisible = 0;
			defaultConfigurationName = Release;
		};
		7FC3583C230BCF8800EA761D /* Build configuration list for PBXNativeTarget "Group9Tests" */ = {
			isa = XCConfigurationList;
			buildConfigurations = (
				7FC3583D230BCF8800EA761D /* Debug */,
				7FC3583E230BCF8800EA761D /* Release */,
			);
			defaultConfigurationIsVisible = 0;
			defaultConfigurationName = Release;
		};
		7FC3583F230BCF8800EA761D /* Build configuration list for PBXNativeTarget "Group9UITests" */ = {
			isa = XCConfigurationList;
			buildConfigurations = (
				7FC35840230BCF8800EA761D /* Debug */,
				7FC35841230BCF8800EA761D /* Release */,
			);
			defaultConfigurationIsVisible = 0;
			defaultConfigurationName = Release;
		};
/* End XCConfigurationList section */

/* Begin XCVersionGroup section */
		7FC35818230BCF8600EA761D /* Group9.xcdatamodeld */ = {
			isa = XCVersionGroup;
			children = (
				7FC35819230BCF8600EA761D /* Group9.xcdatamodel */,
			);
			currentVersion = 7FC35819230BCF8600EA761D /* Group9.xcdatamodel */;
			path = Group9.xcdatamodeld;
			sourceTree = "<group>";
			versionGroupType = wrapper.xcdatamodel;
		};
/* End XCVersionGroup section */
	};
	rootObject = 7FC35806230BCF8600EA761D /* Project object */;
}
